
Microsoft Visual Studio Solution File, Format Version 12.00
# Visual Studio Version 16
VisualStudioVersion = 16.0.31025.194
MinimumVisualStudioVersion = 10.0.40219.1
Project("{FAE04EC0-301F-11D3-BF4B-00C04F79EFBC}") = "BetterFix", "BetterFix.csproj", "{EB69BE0A-A632-4467-9C0C-1DCD502FD174}"
EndProject
Global
	GlobalSection(SolutionConfigurationPlatforms) = preSolution
		Debug|Any CPU = Debug|Any CPU
		Release|Any CPU = Release|Any CPU
		Test|Any CPU = Test|Any CPU
	EndGlobalSection
	GlobalSection(ProjectConfigurationPlatforms) = postSolution
		{EB69BE0A-A632-4467-9C0C-1DCD502FD174}.Debug|Any CPU.ActiveCfg = Debug|Any CPU
		{EB69BE0A-A632-4467-9C0C-1DCD502FD174}.Debug|Any CPU.Build.0 = Debug|Any CPU
		{EB69BE0A-A632-4467-9C0C-1DCD502FD174}.Release|Any CPU.ActiveCfg = Release|Any CPU
		{EB69BE0A-A632-4467-9C0C-1DCD502FD174}.Release|Any CPU.Build.0 = Release|Any CPU
		{EB69BE0A-A632-4467-9C0C-1DCD502FD174}.Test|Any CPU.ActiveCfg = Test|Any CPU
		{EB69BE0A-A632-4467-9C0C-1DCD502FD174}.Test|Any CPU.Build.0 = Test|Any CPU
	EndGlobalSection
	GlobalSection(SolutionProperties) = preSolution
		HideSolutionNode = FALSE
	EndGlobalSection
	GlobalSection(ExtensibilityGlobals) = postSolution
		SolutionGuid = {EEEE98AF-8298-4AA3-B6B4-28A4E6687264}
	EndGlobalSection
EndGlobal
